# THIS IS AN AUTOGENERATED FILE. DO NOT EDIT THIS FILE DIRECTLY.
# yarn lockfile v1


"@client-side-validations/simple-form@^0.3.1":
  version "0.3.1"
  resolved "https://registry.yarnpkg.com/@client-side-validations/simple-form/-/simple-form-0.3.1.tgz#6b24086d02fac82a118efbc47830f4ebb88b0b06"
  integrity sha512-XvLLbaZR2pmjfWC4kSyDu9Q//FBsMy5wbxHUV6CsK73Nv6+9Uo6x8k5UORvHe2coopQec5/UTs6TsePWSup2Pw==
